
Microsoft Visual Studio Solution File, Format Version 12.00
# Visual Studio Version 16
VisualStudioVersion = 16.0.31005.135
MinimumVisualStudioVersion = 10.0.40219.1
Project("{FAE04EC0-301F-11D3-BF4B-00C04F79EFBC}") = "HugeInteger", "HugeInteger\HugeInteger.csproj", "{11E982A0-FF90-4DC6-9EBF-7AC41D1DA58C}"
EndProject
Global
	GlobalSection(SolutionConfigurationPlatforms) = preSolution
		Debug|Any CPU = Debug|Any CPU
		Release|Any CPU = Release|Any CPU
	EndGlobalSection
	GlobalSection(ProjectConfigurationPlatforms) = postSolution
		{11E982A0-FF90-4DC6-9EBF-7AC41D1DA58C}.Debug|Any CPU.ActiveCfg = Debug|Any CPU
		{11E982A0-FF90-4DC6-9EBF-7AC41D1DA58C}.Debug|Any CPU.Build.0 = Debug|Any CPU
		{11E982A0-FF90-4DC6-9EBF-7AC41D1DA58C}.Release|Any CPU.ActiveCfg = Release|Any CPU
		{11E982A0-FF90-4DC6-9EBF-7AC41D1DA58C}.Release|Any CPU.Build.0 = Release|Any CPU
	EndGlobalSection
	GlobalSection(SolutionProperties) = preSolution
		HideSolutionNode = FALSE
	EndGlobalSection
	GlobalSection(ExtensibilityGlobals) = postSolution
		SolutionGuid = {B5BFDC4D-2CDA-4DF0-8A75-5C60EE29EFD7}
	EndGlobalSection
EndGlobal
